
Microsoft Visual Studio Solution File, Format Version 12.00
# Visual Studio Version 16
VisualStudioVersion = 16.0.29609.76
MinimumVisualStudioVersion = 10.0.40219.1
Project("{FAE04EC0-301F-11D3-BF4B-00C04F79EFBC}") = "TheSocialBazNeda", "TheSocialBazNeda\TheSocialBazNeda.csproj", "{1060011B-2635-465A-A980-1FD7DC42D8E4}"
EndProject
Project("{FAE04EC0-301F-11D3-BF4B-00C04F79EFBC}") = "TheSocialBazVladica", "D:\uris\TheSocialBazVladica\TheSocialBazVladica\TheSocialBazVladica.csproj", "{ADA61C4B-281B-42AA-B96C-632A1F84AFC3}"
EndProject
Global
	GlobalSection(SolutionConfigurationPlatforms) = preSolution
		Debug|Any CPU = Debug|Any CPU
		Release|Any CPU = Release|Any CPU
	EndGlobalSection
	GlobalSection(ProjectConfigurationPlatforms) = postSolution
		{1060011B-2635-465A-A980-1FD7DC42D8E4}.Debug|Any CPU.ActiveCfg = Debug|Any CPU
		{1060011B-2635-465A-A980-1FD7DC42D8E4}.Debug|Any CPU.Build.0 = Debug|Any CPU
		{1060011B-2635-465A-A980-1FD7DC42D8E4}.Release|Any CPU.ActiveCfg = Release|Any CPU
		{1060011B-2635-465A-A980-1FD7DC42D8E4}.Release|Any CPU.Build.0 = Release|Any CPU
		{ADA61C4B-281B-42AA-B96C-632A1F84AFC3}.Debug|Any CPU.ActiveCfg = Debug|Any CPU
		{ADA61C4B-281B-42AA-B96C-632A1F84AFC3}.Debug|Any CPU.Build.0 = Debug|Any CPU
		{ADA61C4B-281B-42AA-B96C-632A1F84AFC3}.Release|Any CPU.ActiveCfg = Release|Any CPU
		{ADA61C4B-281B-42AA-B96C-632A1F84AFC3}.Release|Any CPU.Build.0 = Release|Any CPU
	EndGlobalSection
	GlobalSection(SolutionProperties) = preSolution
		HideSolutionNode = FALSE
	EndGlobalSection
	GlobalSection(ExtensibilityGlobals) = postSolution
		SolutionGuid = {14640F1C-DF3F-493D-B598-BC9CF81C315B}
	EndGlobalSection
EndGlobal
